
Microsoft Visual Studio Solution File, Format Version 12.00
# Visual Studio 15
VisualStudioVersion = 15.0.27130.2027
MinimumVisualStudioVersion = 10.0.40219.1
Project("{FAE04EC0-301F-11D3-BF4B-00C04F79EFBC}") = "CopyPostCore", "CopyPostCore\CopyPostCore.csproj", "{6A8181F8-F617-49F7-8A33-DE4F403FBAE0}"
EndProject
Project("{FAE04EC0-301F-11D3-BF4B-00C04F79EFBC}") = "CopyPostCoreTests", "CopyPostCoreTests\CopyPostCoreTests.csproj", "{0FF82611-F638-4C5B-B0D6-9A0F9599EE44}"
EndProject
Project("{FAE04EC0-301F-11D3-BF4B-00C04F79EFBC}") = "UpdateDatabase", "UpdateDatabase\UpdateDatabase.csproj", "{7EEF2298-FB8F-4666-8204-6B73320DA2FD}"
EndProject
Project("{FAE04EC0-301F-11D3-BF4B-00C04F79EFBC}") = "TorrentSoftAutoAddPost", "TorrentSoftAutoAddPost\TorrentSoftAutoAddPost.csproj", "{151B0518-D3B1-4D7C-8C44-C6A09D2EC2F9}"
EndProject
Global
	GlobalSection(SolutionConfigurationPlatforms) = preSolution
		Debug|Any CPU = Debug|Any CPU
		Release|Any CPU = Release|Any CPU
	EndGlobalSection
	GlobalSection(ProjectConfigurationPlatforms) = postSolution
		{6A8181F8-F617-49F7-8A33-DE4F403FBAE0}.Debug|Any CPU.ActiveCfg = Debug|Any CPU
		{6A8181F8-F617-49F7-8A33-DE4F403FBAE0}.Debug|Any CPU.Build.0 = Debug|Any CPU
		{6A8181F8-F617-49F7-8A33-DE4F403FBAE0}.Release|Any CPU.ActiveCfg = Release|Any CPU
		{6A8181F8-F617-49F7-8A33-DE4F403FBAE0}.Release|Any CPU.Build.0 = Release|Any CPU
		{0FF82611-F638-4C5B-B0D6-9A0F9599EE44}.Debug|Any CPU.ActiveCfg = Debug|Any CPU
		{0FF82611-F638-4C5B-B0D6-9A0F9599EE44}.Debug|Any CPU.Build.0 = Debug|Any CPU
		{0FF82611-F638-4C5B-B0D6-9A0F9599EE44}.Release|Any CPU.ActiveCfg = Release|Any CPU
		{0FF82611-F638-4C5B-B0D6-9A0F9599EE44}.Release|Any CPU.Build.0 = Release|Any CPU
		{7EEF2298-FB8F-4666-8204-6B73320DA2FD}.Debug|Any CPU.ActiveCfg = Debug|Any CPU
		{7EEF2298-FB8F-4666-8204-6B73320DA2FD}.Debug|Any CPU.Build.0 = Debug|Any CPU
		{7EEF2298-FB8F-4666-8204-6B73320DA2FD}.Release|Any CPU.ActiveCfg = Release|Any CPU
		{7EEF2298-FB8F-4666-8204-6B73320DA2FD}.Release|Any CPU.Build.0 = Release|Any CPU
		{151B0518-D3B1-4D7C-8C44-C6A09D2EC2F9}.Debug|Any CPU.ActiveCfg = Debug|Any CPU
		{151B0518-D3B1-4D7C-8C44-C6A09D2EC2F9}.Debug|Any CPU.Build.0 = Debug|Any CPU
		{151B0518-D3B1-4D7C-8C44-C6A09D2EC2F9}.Release|Any CPU.ActiveCfg = Release|Any CPU
		{151B0518-D3B1-4D7C-8C44-C6A09D2EC2F9}.Release|Any CPU.Build.0 = Release|Any CPU
	EndGlobalSection
	GlobalSection(SolutionProperties) = preSolution
		HideSolutionNode = FALSE
	EndGlobalSection
	GlobalSection(ExtensibilityGlobals) = postSolution
		SolutionGuid = {E4CF6265-CFBF-4F3C-B9B3-FDA501CF71DA}
	EndGlobalSection
EndGlobal
